PODS:
  - ALSKeyboardLayoutGuide (0.1.0)

DEPENDENCIES:
  - ALSKeyboardLayoutGuide (from `../`)

EXTERNAL SOURCES:
  ALSKeyboardLayoutGuide:
    :path: "../"

SPEC CHECKSUMS:
  ALSKeyboardLayoutGuide: ef3406bc26fe568d1130533777884a2522c3bb79

PODFILE CHECKSUM: 703b9ee4f66dd648d9b4ff83f48257ef588ac128

COCOAPODS: 1.8.4
